PODS:
  - LoadMoreTableViewController (2.1.2)

DEPENDENCIES:
  - LoadMoreTableViewController (from `../`)

EXTERNAL SOURCES:
  LoadMoreTableViewController:
    :path: "../"

SPEC CHECKSUMS:
  LoadMoreTableViewController: 6a7059a50d4544bf23d011172a15740aab361fe3

PODFILE CHECKSUM: 8d878bf4af672f2346595fa747cdf4f00dc0d2b6

COCOAPODS: 1.8.4
