PODS:
  - LoadMoreTableViewController (0.3)

DEPENDENCIES:
  - LoadMoreTableViewController (from `../`)

EXTERNAL SOURCES:
  LoadMoreTableViewController:
    :path: "../"

SPEC CHECKSUMS:
  LoadMoreTableViewController: 1b4bf85944263474e00d77646f6349adc89c6933

PODFILE CHECKSUM: d58aa590fbaa7b7a959e9291b2c0ed3b34bea0f1

COCOAPODS: 1.0.0
