PODS:
  - LoadMoreTableViewController (2.1.3)

DEPENDENCIES:
  - LoadMoreTableViewController (from `../`)

EXTERNAL SOURCES:
  LoadMoreTableViewController:
    :path: "../"

SPEC CHECKSUMS:
  LoadMoreTableViewController: 63f2ed3f6607927dad644dd44f7c8c620df3247c

PODFILE CHECKSUM: 25f21d1f8d3bb49e8003c83b8feae2e44d0b6311

COCOAPODS: 1.10.1
